
Microsoft Visual Studio Solution File, Format Version 12.00
# Visual Studio Version 17
VisualStudioVersion = 17.11.35327.3
MinimumVisualStudioVersion = 10.0.40219.1
Project("{9A19103F-16F7-4668-BE54-9A1E7A4F7556}") = "ThirdSemesterIT", "3semesterIT\ThirdSemesterIT.csproj", "{50755B5C-3C92-4084-8A43-358CE75F293B}"
EndProject
Project("{9A19103F-16F7-4668-BE54-9A1E7A4F7556}") = "firstAPI", "firstAPI\firstAPI.csproj", "{D294BC5E-2F6D-4DB8-BAB1-AC1665DD5056}"
EndProject
Project("{9A19103F-16F7-4668-BE54-9A1E7A4F7556}") = "TodoListBlazor", "TodoListBlazor\TodoListBlazor.csproj", "{B04C6702-D1CC-490E-BD6F-B41645F947E1}"
EndProject
Project("{FAE04EC0-301F-11D3-BF4B-00C04F79EFBC}") = "WebInterfaceForExcerices", "WebInterfaceForExcerices\WebInterfaceForExcerices.csproj", "{B19B27C1-C7E9-41C6-8E45-C3A508CB7DB5}"
EndProject
Global
	GlobalSection(SolutionConfigurationPlatforms) = preSolution
		Debug|Any CPU = Debug|Any CPU
		Release|Any CPU = Release|Any CPU
	EndGlobalSection
	GlobalSection(ProjectConfigurationPlatforms) = postSolution
		{50755B5C-3C92-4084-8A43-358CE75F293B}.Debug|Any CPU.ActiveCfg = Debug|Any CPU
		{50755B5C-3C92-4084-8A43-358CE75F293B}.Debug|Any CPU.Build.0 = Debug|Any CPU
		{50755B5C-3C92-4084-8A43-358CE75F293B}.Release|Any CPU.ActiveCfg = Release|Any CPU
		{50755B5C-3C92-4084-8A43-358CE75F293B}.Release|Any CPU.Build.0 = Release|Any CPU
		{D294BC5E-2F6D-4DB8-BAB1-AC1665DD5056}.Debug|Any CPU.ActiveCfg = Debug|Any CPU
		{D294BC5E-2F6D-4DB8-BAB1-AC1665DD5056}.Debug|Any CPU.Build.0 = Debug|Any CPU
		{D294BC5E-2F6D-4DB8-BAB1-AC1665DD5056}.Release|Any CPU.ActiveCfg = Release|Any CPU
		{D294BC5E-2F6D-4DB8-BAB1-AC1665DD5056}.Release|Any CPU.Build.0 = Release|Any CPU
		{B04C6702-D1CC-490E-BD6F-B41645F947E1}.Debug|Any CPU.ActiveCfg = Debug|Any CPU
		{B04C6702-D1CC-490E-BD6F-B41645F947E1}.Debug|Any CPU.Build.0 = Debug|Any CPU
		{B04C6702-D1CC-490E-BD6F-B41645F947E1}.Release|Any CPU.ActiveCfg = Release|Any CPU
		{B04C6702-D1CC-490E-BD6F-B41645F947E1}.Release|Any CPU.Build.0 = Release|Any CPU
		{B19B27C1-C7E9-41C6-8E45-C3A508CB7DB5}.Debug|Any CPU.ActiveCfg = Debug|Any CPU
		{B19B27C1-C7E9-41C6-8E45-C3A508CB7DB5}.Debug|Any CPU.Build.0 = Debug|Any CPU
		{B19B27C1-C7E9-41C6-8E45-C3A508CB7DB5}.Release|Any CPU.ActiveCfg = Release|Any CPU
		{B19B27C1-C7E9-41C6-8E45-C3A508CB7DB5}.Release|Any CPU.Build.0 = Release|Any CPU
	EndGlobalSection
	GlobalSection(SolutionProperties) = preSolution
		HideSolutionNode = FALSE
	EndGlobalSection
	GlobalSection(ExtensibilityGlobals) = postSolution
		SolutionGuid = {364D9A03-78F2-418C-930A-25161AB0D15D}
	EndGlobalSection
EndGlobal
