
Microsoft Visual Studio Solution File, Format Version 12.00
# Visual Studio Version 17
VisualStudioVersion = 17.11.35327.3
MinimumVisualStudioVersion = 10.0.40219.1
Project("{9A19103F-16F7-4668-BE54-9A1E7A4F7556}") = "ThirdSemesterIT", "3semesterIT\ThirdSemesterIT.csproj", "{50755B5C-3C92-4084-8A43-358CE75F293B}"
EndProject
Project("{9A19103F-16F7-4668-BE54-9A1E7A4F7556}") = "firstAPI", "firstAPI\firstAPI.csproj", "{D294BC5E-2F6D-4DB8-BAB1-AC1665DD5056}"
EndProject
Project("{FAE04EC0-301F-11D3-BF4B-00C04F79EFBC}") = "Core", "Core\Core.csproj", "{0506661E-BE2B-40F7-B27C-02E028FA8591}"
EndProject
Project("{9A19103F-16F7-4668-BE54-9A1E7A4F7556}") = "TodoListBlazor", "TodoListBlazor\TodoListBlazor.csproj", "{5C776B54-65F4-4F15-B43C-140D1CFEBE5F}"
EndProject
Global
	GlobalSection(SolutionConfigurationPlatforms) = preSolution
		Debug|Any CPU = Debug|Any CPU
		Release|Any CPU = Release|Any CPU
	EndGlobalSection
	GlobalSection(ProjectConfigurationPlatforms) = postSolution
		{50755B5C-3C92-4084-8A43-358CE75F293B}.Debug|Any CPU.ActiveCfg = Debug|Any CPU
		{50755B5C-3C92-4084-8A43-358CE75F293B}.Debug|Any CPU.Build.0 = Debug|Any CPU
		{50755B5C-3C92-4084-8A43-358CE75F293B}.Release|Any CPU.ActiveCfg = Release|Any CPU
		{50755B5C-3C92-4084-8A43-358CE75F293B}.Release|Any CPU.Build.0 = Release|Any CPU
		{D294BC5E-2F6D-4DB8-BAB1-AC1665DD5056}.Debug|Any CPU.ActiveCfg = Debug|Any CPU
		{D294BC5E-2F6D-4DB8-BAB1-AC1665DD5056}.Debug|Any CPU.Build.0 = Debug|Any CPU
		{D294BC5E-2F6D-4DB8-BAB1-AC1665DD5056}.Release|Any CPU.ActiveCfg = Release|Any CPU
		{D294BC5E-2F6D-4DB8-BAB1-AC1665DD5056}.Release|Any CPU.Build.0 = Release|Any CPU
		{0506661E-BE2B-40F7-B27C-02E028FA8591}.Debug|Any CPU.ActiveCfg = Debug|Any CPU
		{0506661E-BE2B-40F7-B27C-02E028FA8591}.Debug|Any CPU.Build.0 = Debug|Any CPU
		{0506661E-BE2B-40F7-B27C-02E028FA8591}.Release|Any CPU.ActiveCfg = Release|Any CPU
		{0506661E-BE2B-40F7-B27C-02E028FA8591}.Release|Any CPU.Build.0 = Release|Any CPU
		{5C776B54-65F4-4F15-B43C-140D1CFEBE5F}.Debug|Any CPU.ActiveCfg = Debug|Any CPU
		{5C776B54-65F4-4F15-B43C-140D1CFEBE5F}.Debug|Any CPU.Build.0 = Debug|Any CPU
		{5C776B54-65F4-4F15-B43C-140D1CFEBE5F}.Release|Any CPU.ActiveCfg = Release|Any CPU
		{5C776B54-65F4-4F15-B43C-140D1CFEBE5F}.Release|Any CPU.Build.0 = Release|Any CPU
	EndGlobalSection
	GlobalSection(SolutionProperties) = preSolution
		HideSolutionNode = FALSE
	EndGlobalSection
	GlobalSection(ExtensibilityGlobals) = postSolution
		SolutionGuid = {364D9A03-78F2-418C-930A-25161AB0D15D}
	EndGlobalSection
EndGlobal
